schema: '2.0'
stages:
  split_data:
    cmd: python src/1_data_splitting.py
    deps:
    - path: data/raw/raw.csv
      hash: md5
      md5: 617b56af2992376d5c3e91ad80823898
      size: 333757
    - path: src/1_data_splitting.py
      hash: md5
      md5: d0b4118b759b010034e1a1a2a6b37991
      size: 996
    outs:
    - path: data/processed/X_test.csv
      hash: md5
      md5: 8427a35f3018cb93f07e45f5bc9bdb46
      size: 74318
    - path: data/processed/X_train.csv
      hash: md5
      md5: 3f6345fd899a882da44d3ffca6809bd5
      size: 222000
    - path: data/processed/y_test.csv
      hash: md5
      md5: 53d3927389fd9647b3a83184a90f7f2d
      size: 8565
    - path: data/processed/y_train.csv
      hash: md5
      md5: 64464e99c313557e580fc456084938ee
      size: 25661
    - path: models/data/scaler.pkl
      hash: md5
      md5: d46fdb3a75a52955d77f0094ee51c898
      size: 1295
  normalize_data:
    cmd: python src/2_data_normalizing.py
    deps:
    - path: data/processed/X_test.csv
      hash: md5
      md5: 8427a35f3018cb93f07e45f5bc9bdb46
      size: 74318
    - path: data/processed/X_train.csv
      hash: md5
      md5: 3f6345fd899a882da44d3ffca6809bd5
      size: 222000
    - path: models/data/scaler.pkl
      hash: md5
      md5: d46fdb3a75a52955d77f0094ee51c898
      size: 1295
    - path: src/2_data_normalizing.py
      hash: md5
      md5: f7670313a5be631c4ca56c30d05176e7
      size: 756
    outs:
    - path: data/processed/X_test_scaled.csv
      hash: md5
      md5: def9e64584a50ed92a5bdf50c5880d62
      size: 80556
    - path: data/processed/X_train_scaled.csv
      hash: md5
      md5: 2751f745cfd4a3b803cb2bc312132a1e
      size: 240935
  grid_search:
    cmd: python src/3_gridsearch.py
    deps:
    - path: data/processed/X_train_scaled.csv
      hash: md5
      md5: 2751f745cfd4a3b803cb2bc312132a1e
      size: 240935
    - path: data/processed/y_train.csv
      hash: md5
      md5: 64464e99c313557e580fc456084938ee
      size: 25661
    - path: src/3_gridsearch.py
      hash: md5
      md5: 4f458ceaf75eaacf8387a5ed97f1bb90
      size: 707
    outs:
    - path: models/data/best_params.pkl
      hash: md5
      md5: c53f285416eb0df206754ff4b25a8ef7
      size: 72
  train_model:
    cmd: python src/4_model_training.py
    deps:
    - path: data/processed/X_train_scaled.csv
      hash: md5
      md5: 2751f745cfd4a3b803cb2bc312132a1e
      size: 240935
    - path: data/processed/y_train.csv
      hash: md5
      md5: 64464e99c313557e580fc456084938ee
      size: 25661
    - path: models/data/best_params.pkl
      hash: md5
      md5: c53f285416eb0df206754ff4b25a8ef7
      size: 72
    - path: src/4_model_training.py
      hash: md5
      md5: edc98fbe5ce79538f778447caadb49c2
      size: 437
    outs:
    - path: models/models/regressor.pkl
      hash: md5
      md5: bda8e9f64c7bcbae94fdf3a34014790e
      size: 55985
  evaluate_model:
    cmd: python src/5_model_evaluating.py
    deps:
    - path: data/processed/X_test_scaled.csv
      hash: md5
      md5: def9e64584a50ed92a5bdf50c5880d62
      size: 80556
    - path: data/processed/y_test.csv
      hash: md5
      md5: 53d3927389fd9647b3a83184a90f7f2d
      size: 8565
    - path: models/models/regressor.pkl
      hash: md5
      md5: bda8e9f64c7bcbae94fdf3a34014790e
      size: 55985
    - path: src/5_model_evaluating.py
      hash: md5
      md5: bf5410cfd0fdf6d57e7eb29c1aa86caf
      size: 1301
    outs:
    - path: metrics/scores.json
      hash: md5
      md5: ce5ce7a20cbe659140bed5ef05e9598a
      size: 153
    - path: models/data/prediction.csv
      hash: md5
      md5: da04202f8536e904540b6213f4678f8f
      size: 16687
